
Microsoft Visual Studio Solution File, Format Version 12.00
# Visual Studio Version 16
VisualStudioVersion = 16.0.30413.136
MinimumVisualStudioVersion = 10.0.40219.1
Project("{FAE04EC0-301F-11D3-BF4B-00C04F79EFBC}") = "API", "API.csproj", "{278D3EBC-AA49-4B0B-9AF8-B0D39E39950A}"
EndProject
Project("{FAE04EC0-301F-11D3-BF4B-00C04F79EFBC}") = "Migration", "Migration\Migration.csproj", "{F6BB9149-F796-48FF-B71C-5890165E4929}"
EndProject
Project("{FAE04EC0-301F-11D3-BF4B-00C04F79EFBC}") = "IdentityServer", "IdentityServer\IdentityServer.csproj", "{04E87D49-EFCF-4D4D-841E-72735EAE03E6}"
EndProject
Global
	GlobalSection(SolutionConfigurationPlatforms) = preSolution
		Debug|Any CPU = Debug|Any CPU
		Release|Any CPU = Release|Any CPU
	EndGlobalSection
	GlobalSection(ProjectConfigurationPlatforms) = postSolution
		{278D3EBC-AA49-4B0B-9AF8-B0D39E39950A}.Debug|Any CPU.ActiveCfg = Debug|Any CPU
		{278D3EBC-AA49-4B0B-9AF8-B0D39E39950A}.Debug|Any CPU.Build.0 = Debug|Any CPU
		{278D3EBC-AA49-4B0B-9AF8-B0D39E39950A}.Release|Any CPU.ActiveCfg = Release|Any CPU
		{278D3EBC-AA49-4B0B-9AF8-B0D39E39950A}.Release|Any CPU.Build.0 = Release|Any CPU
		{F6BB9149-F796-48FF-B71C-5890165E4929}.Debug|Any CPU.ActiveCfg = Debug|Any CPU
		{F6BB9149-F796-48FF-B71C-5890165E4929}.Debug|Any CPU.Build.0 = Debug|Any CPU
		{F6BB9149-F796-48FF-B71C-5890165E4929}.Release|Any CPU.ActiveCfg = Release|Any CPU
		{F6BB9149-F796-48FF-B71C-5890165E4929}.Release|Any CPU.Build.0 = Release|Any CPU
		{04E87D49-EFCF-4D4D-841E-72735EAE03E6}.Debug|Any CPU.ActiveCfg = Debug|Any CPU
		{04E87D49-EFCF-4D4D-841E-72735EAE03E6}.Debug|Any CPU.Build.0 = Debug|Any CPU
		{04E87D49-EFCF-4D4D-841E-72735EAE03E6}.Release|Any CPU.ActiveCfg = Release|Any CPU
		{04E87D49-EFCF-4D4D-841E-72735EAE03E6}.Release|Any CPU.Build.0 = Release|Any CPU
	EndGlobalSection
	GlobalSection(SolutionProperties) = preSolution
		HideSolutionNode = FALSE
	EndGlobalSection
	GlobalSection(ExtensibilityGlobals) = postSolution
		SolutionGuid = {E5B85E88-5B30-4360-B4F3-26B38CA945EB}
	EndGlobalSection
EndGlobal
